
Microsoft Visual Studio Solution File, Format Version 12.00
# Visual Studio 15
VisualStudioVersion = 15.0.27428.2011
MinimumVisualStudioVersion = 10.0.40219.1
Project("{FAE04EC0-301F-11D3-BF4B-00C04F79EFBC}") = "Minesweeper", "Minesweeper\Minesweeper.csproj", "{7DC58D23-A15C-46F3-9292-6CCDF427EBBE}"
EndProject
Project("{FAE04EC0-301F-11D3-BF4B-00C04F79EFBC}") = "Minesweeper.Game", "Minesweeper.Game\Minesweeper.Game.csproj", "{A40A7EB8-1695-4E72-BD7E-0742AB7F5464}"
EndProject
Global
	GlobalSection(SolutionConfigurationPlatforms) = preSolution
		Debug|Any CPU = Debug|Any CPU
		Debug|ARM = Debug|ARM
		Debug|x64 = Debug|x64
		Debug|x86 = Debug|x86
		Release|Any CPU = Release|Any CPU
		Release|ARM = Release|ARM
		Release|x64 = Release|x64
		Release|x86 = Release|x86
	EndGlobalSection
	GlobalSection(ProjectConfigurationPlatforms) = postSolution
		{7DC58D23-A15C-46F3-9292-6CCDF427EBBE}.Debug|Any CPU.ActiveCfg = Debug|x86
		{7DC58D23-A15C-46F3-9292-6CCDF427EBBE}.Debug|ARM.ActiveCfg = Debug|ARM
		{7DC58D23-A15C-46F3-9292-6CCDF427EBBE}.Debug|ARM.Build.0 = Debug|ARM
		{7DC58D23-A15C-46F3-9292-6CCDF427EBBE}.Debug|ARM.Deploy.0 = Debug|ARM
		{7DC58D23-A15C-46F3-9292-6CCDF427EBBE}.Debug|x64.ActiveCfg = Debug|x64
		{7DC58D23-A15C-46F3-9292-6CCDF427EBBE}.Debug|x64.Build.0 = Debug|x64
		{7DC58D23-A15C-46F3-9292-6CCDF427EBBE}.Debug|x64.Deploy.0 = Debug|x64
		{7DC58D23-A15C-46F3-9292-6CCDF427EBBE}.Debug|x86.ActiveCfg = Debug|x86
		{7DC58D23-A15C-46F3-9292-6CCDF427EBBE}.Debug|x86.Build.0 = Debug|x86
		{7DC58D23-A15C-46F3-9292-6CCDF427EBBE}.Debug|x86.Deploy.0 = Debug|x86
		{7DC58D23-A15C-46F3-9292-6CCDF427EBBE}.Release|Any CPU.ActiveCfg = Release|x86
		{7DC58D23-A15C-46F3-9292-6CCDF427EBBE}.Release|ARM.ActiveCfg = Release|ARM
		{7DC58D23-A15C-46F3-9292-6CCDF427EBBE}.Release|ARM.Build.0 = Release|ARM
		{7DC58D23-A15C-46F3-9292-6CCDF427EBBE}.Release|ARM.Deploy.0 = Release|ARM
		{7DC58D23-A15C-46F3-9292-6CCDF427EBBE}.Release|x64.ActiveCfg = Release|x64
		{7DC58D23-A15C-46F3-9292-6CCDF427EBBE}.Release|x64.Build.0 = Release|x64
		{7DC58D23-A15C-46F3-9292-6CCDF427EBBE}.Release|x64.Deploy.0 = Release|x64
		{7DC58D23-A15C-46F3-9292-6CCDF427EBBE}.Release|x86.ActiveCfg = Release|x86
		{7DC58D23-A15C-46F3-9292-6CCDF427EBBE}.Release|x86.Build.0 = Release|x86
		{7DC58D23-A15C-46F3-9292-6CCDF427EBBE}.Release|x86.Deploy.0 = Release|x86
		{A40A7EB8-1695-4E72-BD7E-0742AB7F5464}.Debug|Any CPU.ActiveCfg = Debug|Any CPU
		{A40A7EB8-1695-4E72-BD7E-0742AB7F5464}.Debug|Any CPU.Build.0 = Debug|Any CPU
		{A40A7EB8-1695-4E72-BD7E-0742AB7F5464}.Debug|ARM.ActiveCfg = Debug|ARM
		{A40A7EB8-1695-4E72-BD7E-0742AB7F5464}.Debug|ARM.Build.0 = Debug|ARM
		{A40A7EB8-1695-4E72-BD7E-0742AB7F5464}.Debug|x64.ActiveCfg = Debug|x64
		{A40A7EB8-1695-4E72-BD7E-0742AB7F5464}.Debug|x64.Build.0 = Debug|x64
		{A40A7EB8-1695-4E72-BD7E-0742AB7F5464}.Debug|x86.ActiveCfg = Debug|x86
		{A40A7EB8-1695-4E72-BD7E-0742AB7F5464}.Debug|x86.Build.0 = Debug|x86
		{A40A7EB8-1695-4E72-BD7E-0742AB7F5464}.Release|Any CPU.ActiveCfg = Release|Any CPU
		{A40A7EB8-1695-4E72-BD7E-0742AB7F5464}.Release|Any CPU.Build.0 = Release|Any CPU
		{A40A7EB8-1695-4E72-BD7E-0742AB7F5464}.Release|ARM.ActiveCfg = Release|ARM
		{A40A7EB8-1695-4E72-BD7E-0742AB7F5464}.Release|ARM.Build.0 = Release|ARM
		{A40A7EB8-1695-4E72-BD7E-0742AB7F5464}.Release|x64.ActiveCfg = Release|x64
		{A40A7EB8-1695-4E72-BD7E-0742AB7F5464}.Release|x64.Build.0 = Release|x64
		{A40A7EB8-1695-4E72-BD7E-0742AB7F5464}.Release|x86.ActiveCfg = Release|x86
		{A40A7EB8-1695-4E72-BD7E-0742AB7F5464}.Release|x86.Build.0 = Release|x86
	EndGlobalSection
	GlobalSection(SolutionProperties) = preSolution
		HideSolutionNode = FALSE
	EndGlobalSection
	GlobalSection(ExtensibilityGlobals) = postSolution
		SolutionGuid = {91068A8E-16B6-43B3-AFE6-F9B1CB0E5CDA}
	EndGlobalSection
EndGlobal
